
Microsoft Visual Studio Solution File, Format Version 12.00
# Visual Studio Version 16
VisualStudioVersion = 16.0.29326.143
MinimumVisualStudioVersion = 10.0.40219.1
Project("{FAE04EC0-301F-11D3-BF4B-00C04F79EFBC}") = "2_6_WritingASimpleUnitTest", "2_6_WritingASimpleUnitTest\2_6_WritingASimpleUnitTest.csproj", "{50E5C287-7980-4C27-B922-5929E6C6D788}"
EndProject
Project("{FAE04EC0-301F-11D3-BF4B-00C04F79EFBC}") = "TestNinja.UnitTests", "TestNinja.UnitTests\TestNinja.UnitTests.csproj", "{8D3CE4BC-9AFF-4424-902D-64D2DF878B06}"
EndProject
Global
	GlobalSection(SolutionConfigurationPlatforms) = preSolution
		Debug|Any CPU = Debug|Any CPU
		Release|Any CPU = Release|Any CPU
	EndGlobalSection
	GlobalSection(ProjectConfigurationPlatforms) = postSolution
		{50E5C287-7980-4C27-B922-5929E6C6D788}.Debug|Any CPU.ActiveCfg = Debug|Any CPU
		{50E5C287-7980-4C27-B922-5929E6C6D788}.Debug|Any CPU.Build.0 = Debug|Any CPU
		{50E5C287-7980-4C27-B922-5929E6C6D788}.Release|Any CPU.ActiveCfg = Release|Any CPU
		{50E5C287-7980-4C27-B922-5929E6C6D788}.Release|Any CPU.Build.0 = Release|Any CPU
		{8D3CE4BC-9AFF-4424-902D-64D2DF878B06}.Debug|Any CPU.ActiveCfg = Debug|Any CPU
		{8D3CE4BC-9AFF-4424-902D-64D2DF878B06}.Debug|Any CPU.Build.0 = Debug|Any CPU
		{8D3CE4BC-9AFF-4424-902D-64D2DF878B06}.Release|Any CPU.ActiveCfg = Release|Any CPU
		{8D3CE4BC-9AFF-4424-902D-64D2DF878B06}.Release|Any CPU.Build.0 = Release|Any CPU
	EndGlobalSection
	GlobalSection(SolutionProperties) = preSolution
		HideSolutionNode = FALSE
	EndGlobalSection
	GlobalSection(ExtensibilityGlobals) = postSolution
		SolutionGuid = {6176DD34-5DE2-4F84-984D-4ABF6992723C}
	EndGlobalSection
EndGlobal
